
Microsoft Visual Studio Solution File, Format Version 12.00
# Visual Studio Version 17
VisualStudioVersion = 17.0.31912.275
MinimumVisualStudioVersion = 10.0.40219.1
Project("{9A19103F-16F7-4668-BE54-9A1E7A4F7556}") = "alternator", "alternator\alternator.csproj", "{D3202940-4456-4BDE-A9AB-FC8F85CC0CC3}"
EndProject
Project("{9A19103F-16F7-4668-BE54-9A1E7A4F7556}") = "alternator.tests", "alternator.tests\alternator.tests.csproj", "{75E023BE-220B-4530-B0B2-A26925729C1E}"
EndProject
Project("{2150E333-8FDC-42A3-9474-1A3956D46DE8}") = "Solution Items", "Solution Items", "{7D998E0B-AA9C-4ABE-BE75-8F555165C1B6}"
	ProjectSection(SolutionItems) = preProject
		.gitignore = .gitignore
		LICENSE = LICENSE
		README.md = README.md
	EndProjectSection
EndProject
Global
	GlobalSection(SolutionConfigurationPlatforms) = preSolution
		Debug|Any CPU = Debug|Any CPU
		Release|Any CPU = Release|Any CPU
	EndGlobalSection
	GlobalSection(ProjectConfigurationPlatforms) = postSolution
		{D3202940-4456-4BDE-A9AB-FC8F85CC0CC3}.Debug|Any CPU.ActiveCfg = Debug|Any CPU
		{D3202940-4456-4BDE-A9AB-FC8F85CC0CC3}.Debug|Any CPU.Build.0 = Debug|Any CPU
		{D3202940-4456-4BDE-A9AB-FC8F85CC0CC3}.Release|Any CPU.ActiveCfg = Release|Any CPU
		{D3202940-4456-4BDE-A9AB-FC8F85CC0CC3}.Release|Any CPU.Build.0 = Release|Any CPU
		{75E023BE-220B-4530-B0B2-A26925729C1E}.Debug|Any CPU.ActiveCfg = Debug|Any CPU
		{75E023BE-220B-4530-B0B2-A26925729C1E}.Debug|Any CPU.Build.0 = Debug|Any CPU
		{75E023BE-220B-4530-B0B2-A26925729C1E}.Release|Any CPU.ActiveCfg = Release|Any CPU
		{75E023BE-220B-4530-B0B2-A26925729C1E}.Release|Any CPU.Build.0 = Release|Any CPU
	EndGlobalSection
	GlobalSection(SolutionProperties) = preSolution
		HideSolutionNode = FALSE
	EndGlobalSection
	GlobalSection(ExtensibilityGlobals) = postSolution
		SolutionGuid = {91E46A86-9D47-4456-BB8C-BB67BE3F4776}
	EndGlobalSection
EndGlobal
